Microsoft Visual Studio Solution File, Format Version 12.00
# Visual Studio Version 17
VisualStudioVersion = 17.5.2.0
MinimumVisualStudioVersion = 10.0.40219.1
Project("{2150E333-8FDC-42A3-9474-1A3956D46DE8}") = "Thomas", "Thomas", "{7BFAEE77-E235-6B16-0121-5F7D469CDD34}"
EndProject
Project("{2150E333-8FDC-42A3-9474-1A3956D46DE8}") = "2025", "2025", "{5C5217DE-0F6C-5FFD-CD23-CED61EC6A412}"
EndProject
Project("{FAE04EC0-301F-11D3-BF4B-00C04F79EFBC}") = "Ex", "Thomas\2025\Ex\Ex.csproj", "{A8FC5E6A-D7A1-7147-D2F0-F1E097D5C68D}"
EndProject
Project("{2150E333-8FDC-42A3-9474-1A3956D46DE8}") = "Aula-23-10-25", "Aula-23-10-25", "{1F6EEE97-621B-B2B6-9EF1-A21066542B16}"
EndProject
Project("{FAE04EC0-301F-11D3-BF4B-00C04F79EFBC}") = "Ex1", "Thomas\2025\Aula-23-10-25\Ex1\Ex1.csproj", "{40BF13A2-5E2A-46C2-F294-DBF8BB49385C}"
EndProject
Project("{FAE04EC0-301F-11D3-BF4B-00C04F79EFBC}") = "Ex3", "Thomas\2025\Aula-23-10-25\Ex3\Ex3.csproj", "{E3802F81-C1F4-1698-E886-68AA9125B45C}"
EndProject
Project("{FAE04EC0-301F-11D3-BF4B-00C04F79EFBC}") = "Ex2", "Thomas\2025\Aula-23-10-25\Ex2\Ex2.csproj", "{FF361E7D-5A42-55AF-0EE2-A1FB4FF3A54C}"
EndProject
Project("{2150E333-8FDC-42A3-9474-1A3956D46DE8}") = "Aula-09-10-25", "Aula-09-10-25", "{956BEE87-E81D-46DC-8A9D-EFA97BFD5258}"
EndProject
Project("{2150E333-8FDC-42A3-9474-1A3956D46DE8}") = "Aula0910", "Aula0910", "{28336498-C656-53BE-62F7-DC3F2F4D47BE}"
EndProject
Project("{FAE04EC0-301F-11D3-BF4B-00C04F79EFBC}") = "Aula0210", "Thomas\2025\Aula-09-10-25\Aula0910\Aula0210.csproj", "{1AB62465-2C0A-ED05-152C-3049C079077D}"
EndProject
Project("{2150E333-8FDC-42A3-9474-1A3956D46DE8}") = "Aula2-Calculadora", "Aula2-Calculadora", "{979546D7-37F7-7F36-3768-EE78FE1CAD44}"
EndProject
Project("{FAE04EC0-301F-11D3-BF4B-00C04F79EFBC}") = "MeuAPP", "Thomas\2025\Aula2-Calculadora\MeuAPP\MeuAPP.csproj", "{E4B53D4B-9A60-24E4-5F1F-B896449E7504}"
EndProject
Project("{2150E333-8FDC-42A3-9474-1A3956D46DE8}") = "Aula1-PrimeiroAPP", "Aula1-PrimeiroAPP", "{FD34238C-191E-CE79-F1D4-60AD7AAF2915}"
EndProject
Project("{FAE04EC0-301F-11D3-BF4B-00C04F79EFBC}") = "PrimeiroAPP", "Thomas\2025\Aula1-PrimeiroAPP\PrimeiroAPP\PrimeiroAPP.csproj", "{E0365743-B0FB-F482-0894-9C0482506CA8}"
EndProject
Project("{2150E333-8FDC-42A3-9474-1A3956D46DE8}") = "Atividade", "Atividade", "{4AD7D5EF-38D5-235F-FB87-0D6FFDC0C9C7}"
EndProject
Project("{FAE04EC0-301F-11D3-BF4B-00C04F79EFBC}") = "Ex", "Thomas\2025\Aula-09-10-25\Atividade\Ex\Ex.csproj", "{440B3747-FD23-FE69-2455-1E14CDA7C437}"
EndProject
Project("{2150E333-8FDC-42A3-9474-1A3956D46DE8}") = "Exercicio1-Variaveis_Calculos_e_Interacao_Com_o_Usuario-18", "Exercicio1-Variaveis_Calculos_e_Interacao_Com_o_Usuario-18", "{C01142DF-0BBD-1911-1A11-89830A2167A6}"
EndProject
Project("{2150E333-8FDC-42A3-9474-1A3956D46DE8}") = "09", "09", "{5E475EE0-3C31-7399-4857-D5E65F9C5DAB}"
EndProject
Project("{2150E333-8FDC-42A3-9474-1A3956D46DE8}") = "Ex1", "Ex1", "{8D9E1648-5F5D-7AAF-603F-FAC6AA6F2834}"
EndProject
Project("{FAE04EC0-301F-11D3-BF4B-00C04F79EFBC}") = "Exercicio1", "Thomas\2025\Exercicio1-Variaveis_Calculos_e_Interacao_Com_o_Usuario-18\09\Ex1\Exercicio1.csproj", "{CC7FF40E-C491-CBDB-A2D4-7E26B9516E03}"
EndProject
Project("{FAE04EC0-301F-11D3-BF4B-00C04F79EFBC}") = "Ex3", "Thomas\2025\Exercicio1-Variaveis_Calculos_e_Interacao_Com_o_Usuario-18\09\Ex3\Ex3.csproj", "{E40972D7-A999-6346-D979-C0CFAE7B883B}"
EndProject
Project("{FAE04EC0-301F-11D3-BF4B-00C04F79EFBC}") = "Ex2", "Thomas\2025\Exercicio1-Variaveis_Calculos_e_Interacao_Com_o_Usuario-18\09\Ex2\Ex2.csproj", "{A0410244-930A-3893-FDC5-E54C96DA44FF}"
EndProject
Project("{FAE04EC0-301F-11D3-BF4B-00C04F79EFBC}") = "Ex4", "Thomas\2025\Exercicio1-Variaveis_Calculos_e_Interacao_Com_o_Usuario-18\09\Ex4\Ex4.csproj", "{76A44C2C-1B7B-B24B-3D87-21416E33F6E0}"
EndProject
Project("{FAE04EC0-301F-11D3-BF4B-00C04F79EFBC}") = "Ex5", "Thomas\2025\Exercicio1-Variaveis_Calculos_e_Interacao_Com_o_Usuario-18\09\Ex5\Ex5.csproj", "{9EA422E9-34AA-B175-D40A-CCDDE9A29D2E}"
EndProject
Global
	GlobalSection(SolutionConfigurationPlatforms) = preSolution
		Debug|Any CPU = Debug|Any CPU
		Release|Any CPU = Release|Any CPU
	EndGlobalSection
	GlobalSection(ProjectConfigurationPlatforms) = postSolution
		{A8FC5E6A-D7A1-7147-D2F0-F1E097D5C68D}.Debug|Any CPU.ActiveCfg = Debug|Any CPU
		{A8FC5E6A-D7A1-7147-D2F0-F1E097D5C68D}.Debug|Any CPU.Build.0 = Debug|Any CPU
		{A8FC5E6A-D7A1-7147-D2F0-F1E097D5C68D}.Release|Any CPU.ActiveCfg = Release|Any CPU
		{A8FC5E6A-D7A1-7147-D2F0-F1E097D5C68D}.Release|Any CPU.Build.0 = Release|Any CPU
		{40BF13A2-5E2A-46C2-F294-DBF8BB49385C}.Debug|Any CPU.ActiveCfg = Debug|Any CPU
		{40BF13A2-5E2A-46C2-F294-DBF8BB49385C}.Debug|Any CPU.Build.0 = Debug|Any CPU
		{40BF13A2-5E2A-46C2-F294-DBF8BB49385C}.Release|Any CPU.ActiveCfg = Release|Any CPU
		{40BF13A2-5E2A-46C2-F294-DBF8BB49385C}.Release|Any CPU.Build.0 = Release|Any CPU
		{E3802F81-C1F4-1698-E886-68AA9125B45C}.Debug|Any CPU.ActiveCfg = Debug|Any CPU
		{E3802F81-C1F4-1698-E886-68AA9125B45C}.Debug|Any CPU.Build.0 = Debug|Any CPU
		{E3802F81-C1F4-1698-E886-68AA9125B45C}.Release|Any CPU.ActiveCfg = Release|Any CPU
		{E3802F81-C1F4-1698-E886-68AA9125B45C}.Release|Any CPU.Build.0 = Release|Any CPU
		{FF361E7D-5A42-55AF-0EE2-A1FB4FF3A54C}.Debug|Any CPU.ActiveCfg = Debug|Any CPU
		{FF361E7D-5A42-55AF-0EE2-A1FB4FF3A54C}.Debug|Any CPU.Build.0 = Debug|Any CPU
		{FF361E7D-5A42-55AF-0EE2-A1FB4FF3A54C}.Release|Any CPU.ActiveCfg = Release|Any CPU
		{FF361E7D-5A42-55AF-0EE2-A1FB4FF3A54C}.Release|Any CPU.Build.0 = Release|Any CPU
		{1AB62465-2C0A-ED05-152C-3049C079077D}.Debug|Any CPU.ActiveCfg = Debug|Any CPU
		{1AB62465-2C0A-ED05-152C-3049C079077D}.Debug|Any CPU.Build.0 = Debug|Any CPU
		{1AB62465-2C0A-ED05-152C-3049C079077D}.Release|Any CPU.ActiveCfg = Release|Any CPU
		{1AB62465-2C0A-ED05-152C-3049C079077D}.Release|Any CPU.Build.0 = Release|Any CPU
		{E4B53D4B-9A60-24E4-5F1F-B896449E7504}.Debug|Any CPU.ActiveCfg = Debug|Any CPU
		{E4B53D4B-9A60-24E4-5F1F-B896449E7504}.Debug|Any CPU.Build.0 = Debug|Any CPU
		{E4B53D4B-9A60-24E4-5F1F-B896449E7504}.Release|Any CPU.ActiveCfg = Release|Any CPU
		{E4B53D4B-9A60-24E4-5F1F-B896449E7504}.Release|Any CPU.Build.0 = Release|Any CPU
		{E0365743-B0FB-F482-0894-9C0482506CA8}.Debug|Any CPU.ActiveCfg = Debug|Any CPU
		{E0365743-B0FB-F482-0894-9C0482506CA8}.Debug|Any CPU.Build.0 = Debug|Any CPU
		{E0365743-B0FB-F482-0894-9C0482506CA8}.Release|Any CPU.ActiveCfg = Release|Any CPU
		{E0365743-B0FB-F482-0894-9C0482506CA8}.Release|Any CPU.Build.0 = Release|Any CPU
		{440B3747-FD23-FE69-2455-1E14CDA7C437}.Debug|Any CPU.ActiveCfg = Debug|Any CPU
		{440B3747-FD23-FE69-2455-1E14CDA7C437}.Debug|Any CPU.Build.0 = Debug|Any CPU
		{440B3747-FD23-FE69-2455-1E14CDA7C437}.Release|Any CPU.ActiveCfg = Release|Any CPU
		{440B3747-FD23-FE69-2455-1E14CDA7C437}.Release|Any CPU.Build.0 = Release|Any CPU
		{CC7FF40E-C491-CBDB-A2D4-7E26B9516E03}.Debug|Any CPU.ActiveCfg = Debug|Any CPU
		{CC7FF40E-C491-CBDB-A2D4-7E26B9516E03}.Debug|Any CPU.Build.0 = Debug|Any CPU
		{CC7FF40E-C491-CBDB-A2D4-7E26B9516E03}.Release|Any CPU.ActiveCfg = Release|Any CPU
		{CC7FF40E-C491-CBDB-A2D4-7E26B9516E03}.Release|Any CPU.Build.0 = Release|Any CPU
		{E40972D7-A999-6346-D979-C0CFAE7B883B}.Debug|Any CPU.ActiveCfg = Debug|Any CPU
		{E40972D7-A999-6346-D979-C0CFAE7B883B}.Debug|Any CPU.Build.0 = Debug|Any CPU
		{E40972D7-A999-6346-D979-C0CFAE7B883B}.Release|Any CPU.ActiveCfg = Release|Any CPU
		{E40972D7-A999-6346-D979-C0CFAE7B883B}.Release|Any CPU.Build.0 = Release|Any CPU
		{A0410244-930A-3893-FDC5-E54C96DA44FF}.Debug|Any CPU.ActiveCfg = Debug|Any CPU
		{A0410244-930A-3893-FDC5-E54C96DA44FF}.Debug|Any CPU.Build.0 = Debug|Any CPU
		{A0410244-930A-3893-FDC5-E54C96DA44FF}.Release|Any CPU.ActiveCfg = Release|Any CPU
		{A0410244-930A-3893-FDC5-E54C96DA44FF}.Release|Any CPU.Build.0 = Release|Any CPU
		{76A44C2C-1B7B-B24B-3D87-21416E33F6E0}.Debug|Any CPU.ActiveCfg = Debug|Any CPU
		{76A44C2C-1B7B-B24B-3D87-21416E33F6E0}.Debug|Any CPU.Build.0 = Debug|Any CPU
		{76A44C2C-1B7B-B24B-3D87-21416E33F6E0}.Release|Any CPU.ActiveCfg = Release|Any CPU
		{76A44C2C-1B7B-B24B-3D87-21416E33F6E0}.Release|Any CPU.Build.0 = Release|Any CPU
		{9EA422E9-34AA-B175-D40A-CCDDE9A29D2E}.Debug|Any CPU.ActiveCfg = Debug|Any CPU
		{9EA422E9-34AA-B175-D40A-CCDDE9A29D2E}.Debug|Any CPU.Build.0 = Debug|Any CPU
		{9EA422E9-34AA-B175-D40A-CCDDE9A29D2E}.Release|Any CPU.ActiveCfg = Release|Any CPU
		{9EA422E9-34AA-B175-D40A-CCDDE9A29D2E}.Release|Any CPU.Build.0 = Release|Any CPU
	EndGlobalSection
	GlobalSection(SolutionProperties) = preSolution
		HideSolutionNode = FALSE
	EndGlobalSection
	GlobalSection(NestedProjects) = preSolution
		{5C5217DE-0F6C-5FFD-CD23-CED61EC6A412} = {7BFAEE77-E235-6B16-0121-5F7D469CDD34}
		{A8FC5E6A-D7A1-7147-D2F0-F1E097D5C68D} = {5C5217DE-0F6C-5FFD-CD23-CED61EC6A412}
		{1F6EEE97-621B-B2B6-9EF1-A21066542B16} = {5C5217DE-0F6C-5FFD-CD23-CED61EC6A412}
		{40BF13A2-5E2A-46C2-F294-DBF8BB49385C} = {1F6EEE97-621B-B2B6-9EF1-A21066542B16}
		{E3802F81-C1F4-1698-E886-68AA9125B45C} = {1F6EEE97-621B-B2B6-9EF1-A21066542B16}
		{FF361E7D-5A42-55AF-0EE2-A1FB4FF3A54C} = {1F6EEE97-621B-B2B6-9EF1-A21066542B16}
		{956BEE87-E81D-46DC-8A9D-EFA97BFD5258} = {5C5217DE-0F6C-5FFD-CD23-CED61EC6A412}
		{28336498-C656-53BE-62F7-DC3F2F4D47BE} = {956BEE87-E81D-46DC-8A9D-EFA97BFD5258}
		{1AB62465-2C0A-ED05-152C-3049C079077D} = {28336498-C656-53BE-62F7-DC3F2F4D47BE}
		{979546D7-37F7-7F36-3768-EE78FE1CAD44} = {5C5217DE-0F6C-5FFD-CD23-CED61EC6A412}
		{E4B53D4B-9A60-24E4-5F1F-B896449E7504} = {979546D7-37F7-7F36-3768-EE78FE1CAD44}
		{FD34238C-191E-CE79-F1D4-60AD7AAF2915} = {5C5217DE-0F6C-5FFD-CD23-CED61EC6A412}
		{E0365743-B0FB-F482-0894-9C0482506CA8} = {FD34238C-191E-CE79-F1D4-60AD7AAF2915}
		{4AD7D5EF-38D5-235F-FB87-0D6FFDC0C9C7} = {956BEE87-E81D-46DC-8A9D-EFA97BFD5258}
		{440B3747-FD23-FE69-2455-1E14CDA7C437} = {4AD7D5EF-38D5-235F-FB87-0D6FFDC0C9C7}
		{C01142DF-0BBD-1911-1A11-89830A2167A6} = {5C5217DE-0F6C-5FFD-CD23-CED61EC6A412}
		{5E475EE0-3C31-7399-4857-D5E65F9C5DAB} = {C01142DF-0BBD-1911-1A11-89830A2167A6}
		{8D9E1648-5F5D-7AAF-603F-FAC6AA6F2834} = {5E475EE0-3C31-7399-4857-D5E65F9C5DAB}
		{CC7FF40E-C491-CBDB-A2D4-7E26B9516E03} = {8D9E1648-5F5D-7AAF-603F-FAC6AA6F2834}
		{E40972D7-A999-6346-D979-C0CFAE7B883B} = {5E475EE0-3C31-7399-4857-D5E65F9C5DAB}
		{A0410244-930A-3893-FDC5-E54C96DA44FF} = {5E475EE0-3C31-7399-4857-D5E65F9C5DAB}
		{76A44C2C-1B7B-B24B-3D87-21416E33F6E0} = {5E475EE0-3C31-7399-4857-D5E65F9C5DAB}
		{9EA422E9-34AA-B175-D40A-CCDDE9A29D2E} = {5E475EE0-3C31-7399-4857-D5E65F9C5DAB}
	EndGlobalSection
	GlobalSection(ExtensibilityGlobals) = postSolution
		SolutionGuid = {63438F7A-C281-410C-B69C-BBEE02367711}
	EndGlobalSection
EndGlobal
